// !$*UTF8*$!
{
	archiveVersion = 1;
	classes = {
	};
	objectVersion = 56;
	objects = {

/* Begin PBXBuildFile section */
		ACAD4EBF2A84215400A9498A /* AppDelegate.swift in Sources */ = {isa = PBXBuildFile; fileRef = ACAD4EBE2A84215400A9498A /* AppDelegate.swift */; };
		ACAD4EC12A84215400A9498A /* SceneDelegate.swift in Sources */ = {isa = PBXBuildFile; fileRef = ACAD4EC02A84215400A9498A /* SceneDelegate.swift */; };
		ACAD4EC32A84215400A9498A /* ViewController.swift in Sources */ = {isa = PBXBuildFile; fileRef = ACAD4EC22A84215400A9498A /* ViewController.swift */; };
		ACAD4EC62A84215400A9498A /* Main.storyboard in Resources */ = {isa = PBXBuildFile; fileRef = ACAD4EC42A84215400A9498A /* Main.storyboard */; };
		ACAD4EC82A84215500A9498A /* Assets.xcassets in Resources */ = {isa = PBXBuildFile; fileRef = ACAD4EC72A84215500A9498A /* Assets.xcassets */; };
		ACAD4ECB2A84215500A9498A /* LaunchScreen.storyboard in Resources */ = {isa = PBXBuildFile; fileRef = ACAD4EC92A84215500A9498A /* LaunchScreen.storyboard */; };
		ACBFD4162A84245D008CDB04 /* Joke.swift in Sources */ = {isa = PBXBuildFile; fileRef = ACBFD4152A84245D008CDB04 /* Joke.swift */; };
		ACBFD4182A84251F008CDB04 /* JokeViewModel.swift in Sources */ = {isa = PBXBuildFile; fileRef = ACBFD4172A84251F008CDB04 /* JokeViewModel.swift */; };
/* End PBXBuildFile section */

/* Begin PBXFileReference section */
		ACAD4EBB2A84215400A9498A /* chuckNorrisJokes.app */ = {isa = PBXFileReference; explicitFileType = wrapper.application; includeInIndex = 0; path = chuckNorrisJokes.app; sourceTree = BUILT_PRODUCTS_DIR; };
		ACAD4EBE2A84215400A9498A /* AppDelegate.swift */ = {isa = PBXFileReference; lastKnownFileType = sourcecode.swift; path = AppDelegate.swift; sourceTree = "<group>"; };
		ACAD4EC02A84215400A9498A /* SceneDelegate.swift */ = {isa = PBXFileReference; lastKnownFileType = sourcecode.swift; path = SceneDelegate.swift; sourceTree = "<group>"; };
		ACAD4EC22A84215400A9498A /* ViewController.swift */ = {isa = PBXFileReference; lastKnownFileType = sourcecode.swift; path = ViewController.swift; sourceTree = "<group>"; };
		ACAD4EC52A84215400A9498A /* Base */ = {isa = PBXFileReference; lastKnownFileType = file.storyboard; name = Base; path = Base.lproj/Main.storyboard; sourceTree = "<group>"; };
		ACAD4EC72A84215500A9498A /* Assets.xcassets */ = {isa = PBXFileReference; lastKnownFileType = folder.assetcatalog; path = Assets.xcassets; sourceTree = "<group>"; };
		ACAD4ECA2A84215500A9498A /* Base */ = {isa = PBXFileReference; lastKnownFileType = file.storyboard; name = Base; path = Base.lproj/LaunchScreen.storyboard; sourceTree = "<group>"; };
		ACAD4ECC2A84215500A9498A /* Info.plist */ = {isa = PBXFileReference; lastKnownFileType = text.plist.xml; path = Info.plist; sourceTree = "<group>"; };
		ACBFD4152A84245D008CDB04 /* Joke.swift */ = {isa = PBXFileReference; lastKnownFileType = sourcecode.swift; path = Joke.swift; sourceTree = "<group>"; };
		ACBFD4172A84251F008CDB04 /* JokeViewModel.swift */ = {isa = PBXFileReference; lastKnownFileType = sourcecode.swift; path = JokeViewModel.swift; sourceTree = "<group>"; };
/* End PBXFileReference section */

/* Begin PBXFrameworksBuildPhase section */
		ACAD4EB82A84215400A9498A /* Frameworks */ = {
			isa = PBXFrameworksBuildPhase;
			buildActionMask = 2147483647;
			files = (
			);
			runOnlyForDeploymentPostprocessing = 0;
		};
/* End PBXFrameworksBuildPhase section */

/* Begin PBXGroup section */
		ACAD4EB22A84215400A9498A = {
			isa = PBXGroup;
			children = (
				ACAD4EBD2A84215400A9498A /* chuckNorrisJokes */,
				ACAD4EBC2A84215400A9498A /* Products */,
			);
			sourceTree = "<group>";
		};
		ACAD4EBC2A84215400A9498A /* Products */ = {
			isa = PBXGroup;
			children = (
				ACAD4EBB2A84215400A9498A /* chuckNorrisJokes.app */,
			);
			name = Products;
			sourceTree = "<group>";
		};
		ACAD4EBD2A84215400A9498A /* chuckNorrisJokes */ = {
			isa = PBXGroup;
			children = (
				ACBFD4142A842252008CDB04 /* View */,
				ACBFD4132A842241008CDB04 /* ViewModel */,
				ACBFD4122A842233008CDB04 /* Model */,
				ACAD4EBE2A84215400A9498A /* AppDelegate.swift */,
				ACAD4EC02A84215400A9498A /* SceneDelegate.swift */,
				ACAD4EC42A84215400A9498A /* Main.storyboard */,
				ACAD4EC72A84215500A9498A /* Assets.xcassets */,
				ACAD4EC92A84215500A9498A /* LaunchScreen.storyboard */,
				ACAD4ECC2A84215500A9498A /* Info.plist */,
			);
			path = chuckNorrisJokes;
			sourceTree = "<group>";
		};
		ACBFD4122A842233008CDB04 /* Model */ = {
			isa = PBXGroup;
			children = (
				ACBFD4152A84245D008CDB04 /* Joke.swift */,
			);
			path = Model;
			sourceTree = "<group>";
		};
		ACBFD4132A842241008CDB04 /* ViewModel */ = {
			isa = PBXGroup;
			children = (
				ACBFD4172A84251F008CDB04 /* JokeViewModel.swift */,
			);
			path = ViewModel;
			sourceTree = "<group>";
		};
		ACBFD4142A842252008CDB04 /* View */ = {
			isa = PBXGroup;
			children = (
				ACAD4EC22A84215400A9498A /* ViewController.swift */,
			);
			path = View;
			sourceTree = "<group>";
		};
/* End PBXGroup section */

/* Begin PBXNativeTarget section */
		ACAD4EBA2A84215400A9498A /* chuckNorrisJokes */ = {
			isa = PBXNativeTarget;
			buildConfigurationList = ACAD4ECF2A84215500A9498A /* Build configuration list for PBXNativeTarget "chuckNorrisJokes" */;
			buildPhases = (
				ACAD4EB72A84215400A9498A /* Sources */,
				ACAD4EB82A84215400A9498A /* Frameworks */,
				ACAD4EB92A84215400A9498A /* Resources */,
			);
			buildRules = (
			);
			dependencies = (
			);
			name = chuckNorrisJokes;
			productName = chuckNorrisJokes;
			productReference = ACAD4EBB2A84215400A9498A /* chuckNorrisJokes.app */;
			productType = "com.apple.product-type.application";
		};
/* End PBXNativeTarget section */

/* Begin PBXProject section */
		ACAD4EB32A84215400A9498A /* Project object */ = {
			isa = PBXProject;
			attributes = {
				BuildIndependentTargetsInParallel = 1;
				LastSwiftUpdateCheck = 1430;
				LastUpgradeCheck = 1430;
				TargetAttributes = {
					ACAD4EBA2A84215400A9498A = {
						CreatedOnToolsVersion = 14.3.1;
					};
				};
			};
			buildConfigurationList = ACAD4EB62A84215400A9498A /* Build configuration list for PBXProject "chuckNorrisJokes" */;
			compatibilityVersion = "Xcode 14.0";
			developmentRegion = en;
			hasScannedForEncodings = 0;
			knownRegions = (
				en,
				Base,
			);
			mainGroup = ACAD4EB22A84215400A9498A;
			productRefGroup = ACAD4EBC2A84215400A9498A /* Products */;
			projectDirPath = "";
			projectRoot = "";
			targets = (
				ACAD4EBA2A84215400A9498A /* chuckNorrisJokes */,
			);
		};
/* End PBXProject section */

/* Begin PBXResourcesBuildPhase section */
		ACAD4EB92A84215400A9498A /* Resources */ = {
			isa = PBXResourcesBuildPhase;
			buildActionMask = 2147483647;
			files = (
				ACAD4ECB2A84215500A9498A /* LaunchScreen.storyboard in Resources */,
				ACAD4EC82A84215500A9498A /* Assets.xcassets in Resources */,
				ACAD4EC62A84215400A9498A /* Main.storyboard in Resources */,
			);
			runOnlyForDeploymentPostprocessing = 0;
		};
/* End PBXResourcesBuildPhase section */

/* Begin PBXSourcesBuildPhase section */
		ACAD4EB72A84215400A9498A /* Sources */ = {
			isa = PBXSourcesBuildPhase;
			buildActionMask = 2147483647;
			files = (
				ACBFD4182A84251F008CDB04 /* JokeViewModel.swift in Sources */,
				ACAD4EC32A84215400A9498A /* ViewController.swift in Sources */,
				ACAD4EBF2A84215400A9498A /* AppDelegate.swift in Sources */,
				ACBFD4162A84245D008CDB04 /* Joke.swift in Sources */,
				ACAD4EC12A84215400A9498A /* SceneDelegate.swift in Sources */,
			);
			runOnlyForDeploymentPostprocessing = 0;
		};
/* End PBXSourcesBuildPhase section */

/* Begin PBXVariantGroup section */
		ACAD4EC42A84215400A9498A /* Main.storyboard */ = {
			isa = PBXVariantGroup;
			children = (
				ACAD4EC52A84215400A9498A /* Base */,
			);
			name = Main.storyboard;
			sourceTree = "<group>";
		};
		ACAD4EC92A84215500A9498A /* LaunchScreen.storyboard */ = {
			isa = PBXVariantGroup;
			children = (
				ACAD4ECA2A84215500A9498A /* Base */,
			);
			name = LaunchScreen.storyboard;
			sourceTree = "<group>";
		};
/* End PBXVariantGroup section */

/* Begin XCBuildConfiguration section */
		ACAD4ECD2A84215500A9498A /* Debug */ = {
			isa = XCBuildConfiguration;
			buildSettings = {
				ALWAYS_SEARCH_USER_PATHS = NO;
				CLANG_ANALYZER_NONNULL = YES;
				CLANG_ANALYZER_NUMBER_OBJECT_CONVERSION = YES_AGGRESSIVE;
				CLANG_CXX_LANGUAGE_STANDARD = "gnu++20";
				CLANG_ENABLE_MODULES = YES;
				CLANG_ENABLE_OBJC_ARC = YES;
				CLANG_ENABLE_OBJC_WEAK = YES;
				CLANG_WARN_BLOCK_CAPTURE_AUTORELEASING = YES;
				CLANG_WARN_BOOL_CONVERSION = YES;
				CLANG_WARN_COMMA = YES;
				CLANG_WARN_CONSTANT_CONVERSION = YES;
				CLANG_WARN_DEPRECATED_OBJC_IMPLEMENTATIONS = YES;
				CLANG_WARN_DIRECT_OBJC_ISA_USAGE = YES_ERROR;
				CLANG_WARN_DOCUMENTATION_COMMENTS = YES;
				CLANG_WARN_EMPTY_BODY = YES;
				CLANG_WARN_ENUM_CONVERSION = YES;
				CLANG_WARN_INFINITE_RECURSION = YES;
				CLANG_WARN_INT_CONVERSION = YES;
				CLANG_WARN_NON_LITERAL_NULL_CONVERSION = YES;
				CLANG_WARN_OBJC_IMPLICIT_RETAIN_SELF = YES;
				CLANG_WARN_OBJC_LITERAL_CONVERSION = YES;
				CLANG_WARN_OBJC_ROOT_CLASS = YES_ERROR;
				CLANG_WARN_QUOTED_INCLUDE_IN_FRAMEWORK_HEADER = YES;
				CLANG_WARN_RANGE_LOOP_ANALYSIS = YES;
				CLANG_WARN_STRICT_PROTOTYPES = YES;
				CLANG_WARN_SUSPICIOUS_MOVE = YES;
				CLANG_WARN_UNGUARDED_AVAILABILITY = YES_AGGRESSIVE;
				CLANG_WARN_UNREACHABLE_CODE = YES;
				CLANG_WARN__DUPLICATE_METHOD_MATCH = YES;
				COPY_PHASE_STRIP = NO;
				DEBUG_INFORMATION_FORMAT = dwarf;
				ENABLE_STRICT_OBJC_MSGSEND = YES;
				ENABLE_TESTABILITY = YES;
				GCC_C_LANGUAGE_STANDARD = gnu11;
				GCC_DYNAMIC_NO_PIC = NO;
				GCC_NO_COMMON_BLOCKS = YES;
				GCC_OPTIMIZATION_LEVEL = 0;
				GCC_PREPROCESSOR_DEFINITIONS = (
					"DEBUG=1",
					"$(inherited)",
				);
				GCC_WARN_64_TO_32_BIT_CONVERSION = YES;
				GCC_WARN_ABOUT_RETURN_TYPE = YES_ERROR;
				GCC_WARN_UNDECLARED_SELECTOR = YES;
				GCC_WARN_UNINITIALIZED_AUTOS = YES_AGGRESSIVE;
				GCC_WARN_UNUSED_FUNCTION = YES;
				GCC_WARN_UNUSED_VARIABLE = YES;
				IPHONEOS_DEPLOYMENT_TARGET = 16.4;
				MTL_ENABLE_DEBUG_INFO = INCLUDE_SOURCE;
				MTL_FAST_MATH = YES;
				ONLY_ACTIVE_ARCH = YES;
				SDKROOT = iphoneos;
				SWIFT_ACTIVE_COMPILATION_CONDITIONS = DEBUG;
				SWIFT_OPTIMIZATION_LEVEL = "-Onone";
			};
			name = Debug;
		};
		ACAD4ECE2A84215500A9498A /* Release */ = {
			isa = XCBuildConfiguration;
			buildSettings = {
				ALWAYS_SEARCH_USER_PATHS = NO;
				CLANG_ANALYZER_NONNULL = YES;
				CLANG_ANALYZER_NUMBER_OBJECT_CONVERSION = YES_AGGRESSIVE;
				CLANG_CXX_LANGUAGE_STANDARD = "gnu++20";
				CLANG_ENABLE_MODULES = YES;
				CLANG_ENABLE_OBJC_ARC = YES;
				CLANG_ENABLE_OBJC_WEAK = YES;
				CLANG_WARN_BLOCK_CAPTURE_AUTORELEASING = YES;
				CLANG_WARN_BOOL_CONVERSION = YES;
				CLANG_WARN_COMMA = YES;
				CLANG_WARN_CONSTANT_CONVERSION = YES;
				CLANG_WARN_DEPRECATED_OBJC_IMPLEMENTATIONS = YES;
				CLANG_WARN_DIRECT_OBJC_ISA_USAGE = YES_ERROR;
				CLANG_WARN_DOCUMENTATION_COMMENTS = YES;
				CLANG_WARN_EMPTY_BODY = YES;
				CLANG_WARN_ENUM_CONVERSION = YES;
				CLANG_WARN_INFINITE_RECURSION = YES;
				CLANG_WARN_INT_CONVERSION = YES;
				CLANG_WARN_NON_LITERAL_NULL_CONVERSION = YES;
				CLANG_WARN_OBJC_IMPLICIT_RETAIN_SELF = YES;
				CLANG_WARN_OBJC_LITERAL_CONVERSION = YES;
				CLANG_WARN_OBJC_ROOT_CLASS = YES_ERROR;
				CLANG_WARN_QUOTED_INCLUDE_IN_FRAMEWORK_HEADER = YES;
				CLANG_WARN_RANGE_LOOP_ANALYSIS = YES;
				CLANG_WARN_STRICT_PROTOTYPES = YES;
				CLANG_WARN_SUSPICIOUS_MOVE = YES;
				CLANG_WARN_UNGUARDED_AVAILABILITY = YES_AGGRESSIVE;
				CLANG_WARN_UNREACHABLE_CODE = YES;
				CLANG_WARN__DUPLICATE_METHOD_MATCH = YES;
				COPY_PHASE_STRIP = NO;
				DEBUG_INFORMATION_FORMAT = "dwarf-with-dsym";
				ENABLE_NS_ASSERTIONS = NO;
				ENABLE_STRICT_OBJC_MSGSEND = YES;
				GCC_C_LANGUAGE_STANDARD = gnu11;
				GCC_NO_COMMON_BLOCKS = YES;
				GCC_WARN_64_TO_32_BIT_CONVERSION = YES;
				GCC_WARN_ABOUT_RETURN_TYPE = YES_ERROR;
				GCC_WARN_UNDECLARED_SELECTOR = YES;
				GCC_WARN_UNINITIALIZED_AUTOS = YES_AGGRESSIVE;
				GCC_WARN_UNUSED_FUNCTION = YES;
				GCC_WARN_UNUSED_VARIABLE = YES;
				IPHONEOS_DEPLOYMENT_TARGET = 16.4;
				MTL_ENABLE_DEBUG_INFO = NO;
				MTL_FAST_MATH = YES;
				SDKROOT = iphoneos;
				SWIFT_COMPILATION_MODE = wholemodule;
				SWIFT_OPTIMIZATION_LEVEL = "-O";
				VALIDATE_PRODUCT = YES;
			};
			name = Release;
		};
		ACAD4ED02A84215500A9498A /* Debug */ = {
			isa = XCBuildConfiguration;
			buildSettings = {
				ASSETCATALOG_COMPILER_APPICON_NAME = AppIcon;
				ASSETCATALOG_COMPILER_GLOBAL_ACCENT_COLOR_NAME = AccentColor;
				CODE_SIGN_STYLE = Automatic;
				CURRENT_PROJECT_VERSION = 1;
				DEVELOPMENT_TEAM = NFYFK4KRD4;
				GENERATE_INFOPLIST_FILE = YES;
				INFOPLIST_FILE = chuckNorrisJokes/Info.plist;
				INFOPLIST_KEY_CFBundleDisplayName = "Chuck Norris Jokes";
				INFOPLIST_KEY_UIApplicationSupportsIndirectInputEvents = YES;
				INFOPLIST_KEY_UILaunchStoryboardName = LaunchScreen;
				INFOPLIST_KEY_UIMainStoryboardFile = Main;
				INFOPLIST_KEY_UISupportedInterfaceOrientations = UIInterfaceOrientationPortrait;
				LD_RUNPATH_SEARCH_PATHS = (
					"$(inherited)",
					"@executable_path/Frameworks",
				);
				MARKETING_VERSION = 1.0;
				PRODUCT_BUNDLE_IDENTIFIER = com.teamcode.chuckNorrisJokes;
				PRODUCT_NAME = "$(TARGET_NAME)";
				SWIFT_EMIT_LOC_STRINGS = YES;
				SWIFT_VERSION = 5.0;
				TARGETED_DEVICE_FAMILY = "1,2";
			};
			name = Debug;
		};
		ACAD4ED12A84215500A9498A /* Release */ = {
			isa = XCBuildConfiguration;
			buildSettings = {
				ASSETCATALOG_COMPILER_APPICON_NAME = AppIcon;
				ASSETCATALOG_COMPILER_GLOBAL_ACCENT_COLOR_NAME = AccentColor;
				CODE_SIGN_STYLE = Automatic;
				CURRENT_PROJECT_VERSION = 1;
				DEVELOPMENT_TEAM = NFYFK4KRD4;
				GENERATE_INFOPLIST_FILE = YES;
				INFOPLIST_FILE = chuckNorrisJokes/Info.plist;
				INFOPLIST_KEY_CFBundleDisplayName = "Chuck Norris Jokes";
				INFOPLIST_KEY_UIApplicationSupportsIndirectInputEvents = YES;
				INFOPLIST_KEY_UILaunchStoryboardName = LaunchScreen;
				INFOPLIST_KEY_UIMainStoryboardFile = Main;
				INFOPLIST_KEY_UISupportedInterfaceOrientations = UIInterfaceOrientationPortrait;
				LD_RUNPATH_SEARCH_PATHS = (
					"$(inherited)",
					"@executable_path/Frameworks",
				);
				MARKETING_VERSION = 1.0;
				PRODUCT_BUNDLE_IDENTIFIER = com.teamcode.chuckNorrisJokes;
				PRODUCT_NAME = "$(TARGET_NAME)";
				SWIFT_EMIT_LOC_STRINGS = YES;
				SWIFT_VERSION = 5.0;
				TARGETED_DEVICE_FAMILY = "1,2";
			};
			name = Release;
		};
/* End XCBuildConfiguration section */

/* Begin XCConfigurationList section */
		ACAD4EB62A84215400A9498A /* Build configuration list for PBXProject "chuckNorrisJokes" */ = {
			isa = XCConfigurationList;
			buildConfigurations = (
				ACAD4ECD2A84215500A9498A /* Debug */,
				ACAD4ECE2A84215500A9498A /* Release */,
			);
			defaultConfigurationIsVisible = 0;
			defaultConfigurationName = Release;
		};
		ACAD4ECF2A84215500A9498A /* Build configuration list for PBXNativeTarget "chuckNorrisJokes" */ = {
			isa = XCConfigurationList;
			buildConfigurations = (
				ACAD4ED02A84215500A9498A /* Debug */,
				ACAD4ED12A84215500A9498A /* Release */,
			);
			defaultConfigurationIsVisible = 0;
			defaultConfigurationName = Release;
		};
/* End XCConfigurationList section */
	};
	rootObject = ACAD4EB32A84215400A9498A /* Project object */;
}
